// !$*UTF8*$!
{
	archiveVersion = 1;
	classes = {
	};
	objectVersion = 46;
	objects = {

/* Begin PBXBuildFile section */
		A5F732421D0B2659007BCBA0 /* AppDelegate.swift in Sources */ = {isa = PBXBuildFile; fileRef = A5F732411D0B2659007BCBA0 /* AppDelegate.swift */; };
		A5F732441D0B2659007BCBA0 /* ViewController.swift in Sources */ = {isa = PBXBuildFile; fileRef = A5F732431D0B2659007BCBA0 /* ViewController.swift */; };
		A5F732471D0B2659007BCBA0 /* Main.storyboard in Resources */ = {isa = PBXBuildFile; fileRef = A5F732451D0B2659007BCBA0 /* Main.storyboard */; };
		A5F732491D0B2659007BCBA0 /* Assets.xcassets in Resources */ = {isa = PBXBuildFile; fileRef = A5F732481D0B2659007BCBA0 /* Assets.xcassets */; };
		A5F7324C1D0B2659007BCBA0 /* LaunchScreen.storyboard in Resources */ = {isa = PBXBuildFile; fileRef = A5F7324A1D0B2659007BCBA0 /* LaunchScreen.storyboard */; };
		A5F732701D0B2A5D007BCBA0 /* BrainTests.swift in Sources */ = {isa = PBXBuildFile; fileRef = A5F7326F1D0B2A5D007BCBA0 /* BrainTests.swift */; };
		A5F732721D0B32B6007BCBA0 /* Brain.swift in Sources */ = {isa = PBXBuildFile; fileRef = A5F732711D0B32B6007BCBA0 /* Brain.swift */; };
		A5F732781D0B5B99007BCBA0 /* GameTests.swift in Sources */ = {isa = PBXBuildFile; fileRef = A5F732771D0B5B99007BCBA0 /* GameTests.swift */; };
		A5F7327A1D0B5BC3007BCBA0 /* Game.swift in Sources */ = {isa = PBXBuildFile; fileRef = A5F732791D0B5BC3007BCBA0 /* Game.swift */; };
		A5F7327C1D0C43D0007BCBA0 /* ViewControllerUnitTests.swift in Sources */ = {isa = PBXBuildFile; fileRef = A5F7327B1D0C43D0007BCBA0 /* ViewControllerUnitTests.swift */; };
		A5F732801D0C8142007BCBA0 /* ViewControllerUITests.swift in Sources */ = {isa = PBXBuildFile; fileRef = A5F7327F1D0C8142007BCBA0 /* ViewControllerUITests.swift */; };
/* End PBXBuildFile section */

/* Begin PBXContainerItemProxy section */
		A5F732531D0B2659007BCBA0 /* PBXContainerItemProxy */ = {
			isa = PBXContainerItemProxy;
			containerPortal = A5F732361D0B2659007BCBA0 /* Project object */;
			proxyType = 1;
			remoteGlobalIDString = A5F7323D1D0B2659007BCBA0;
			remoteInfo = FizzBuzzSwift;
		};
		A5F7325E1D0B2659007BCBA0 /* PBXContainerItemProxy */ = {
			isa = PBXContainerItemProxy;
			containerPortal = A5F732361D0B2659007BCBA0 /* Project object */;
			proxyType = 1;
			remoteGlobalIDString = A5F7323D1D0B2659007BCBA0;
			remoteInfo = FizzBuzzSwift;
		};
/* End PBXContainerItemProxy section */

/* Begin PBXFileReference section */
		A5F7323E1D0B2659007BCBA0 /* FizzBuzzSwift.app */ = {isa = PBXFileReference; explicitFileType = wrapper.application; includeInIndex = 0; path = FizzBuzzSwift.app; sourceTree = BUILT_PRODUCTS_DIR; };
		A5F732411D0B2659007BCBA0 /* AppDelegate.swift */ = {isa = PBXFileReference; lastKnownFileType = sourcecode.swift; path = AppDelegate.swift; sourceTree = "<group>"; };
		A5F732431D0B2659007BCBA0 /* ViewController.swift */ = {isa = PBXFileReference; lastKnownFileType = sourcecode.swift; path = ViewController.swift; sourceTree = "<group>"; };
		A5F732461D0B2659007BCBA0 /* Base */ = {isa = PBXFileReference; lastKnownFileType = file.storyboard; name = Base; path = Base.lproj/Main.storyboard; sourceTree = "<group>"; };
		A5F732481D0B2659007BCBA0 /* Assets.xcassets */ = {isa = PBXFileReference; lastKnownFileType = folder.assetcatalog; path = Assets.xcassets; sourceTree = "<group>"; };
		A5F7324B1D0B2659007BCBA0 /* Base */ = {isa = PBXFileReference; lastKnownFileType = file.storyboard; name = Base; path = Base.lproj/LaunchScreen.storyboard; sourceTree = "<group>"; };
		A5F7324D1D0B2659007BCBA0 /* Info.plist */ = {isa = PBXFileReference; lastKnownFileType = text.plist.xml; path = Info.plist; sourceTree = "<group>"; };
		A5F732521D0B2659007BCBA0 /* FizzBuzzSwiftTests.xctest */ = {isa = PBXFileReference; explicitFileType = wrapper.cfbundle; includeInIndex = 0; path = FizzBuzzSwiftTests.xctest; sourceTree = BUILT_PRODUCTS_DIR; };
		A5F732581D0B2659007BCBA0 /* Info.plist */ = {isa = PBXFileReference; lastKnownFileType = text.plist.xml; path = Info.plist; sourceTree = "<group>"; };
		A5F7325D1D0B2659007BCBA0 /* FizzBuzzSwiftUITests.xctest */ = {isa = PBXFileReference; explicitFileType = wrapper.cfbundle; includeInIndex = 0; path = FizzBuzzSwiftUITests.xctest; sourceTree = BUILT_PRODUCTS_DIR; };
		A5F732631D0B2659007BCBA0 /* Info.plist */ = {isa = PBXFileReference; lastKnownFileType = text.plist.xml; path = Info.plist; sourceTree = "<group>"; };
		A5F7326F1D0B2A5D007BCBA0 /* BrainTests.swift */ = {isa = PBXFileReference; fileEncoding = 4; lastKnownFileType = sourcecode.swift; path = BrainTests.swift; sourceTree = "<group>"; };
		A5F732711D0B32B6007BCBA0 /* Brain.swift */ = {isa = PBXFileReference; fileEncoding = 4; lastKnownFileType = sourcecode.swift; path = Brain.swift; sourceTree = "<group>"; };
		A5F732771D0B5B99007BCBA0 /* GameTests.swift */ = {isa = PBXFileReference; fileEncoding = 4; lastKnownFileType = sourcecode.swift; name = GameTests.swift; path = ../FizzBuzzSwift/GameTests.swift; sourceTree = "<group>"; };
		A5F732791D0B5BC3007BCBA0 /* Game.swift */ = {isa = PBXFileReference; fileEncoding = 4; lastKnownFileType = sourcecode.swift; path = Game.swift; sourceTree = "<group>"; };
		A5F7327B1D0C43D0007BCBA0 /* ViewControllerUnitTests.swift */ = {isa = PBXFileReference; fileEncoding = 4; lastKnownFileType = sourcecode.swift; path = ViewControllerUnitTests.swift; sourceTree = "<group>"; };
		A5F7327F1D0C8142007BCBA0 /* ViewControllerUITests.swift */ = {isa = PBXFileReference; fileEncoding = 4; lastKnownFileType = sourcecode.swift; path = ViewControllerUITests.swift; sourceTree = "<group>"; };
/* End PBXFileReference section */

/* Begin PBXFrameworksBuildPhase section */
		A5F7323B1D0B2659007BCBA0 /* Frameworks */ = {
			isa = PBXFrameworksBuildPhase;
			buildActionMask = 2147483647;
			files = (
			);
			runOnlyForDeploymentPostprocessing = 0;
		};
		A5F7324F1D0B2659007BCBA0 /* Frameworks */ = {
			isa = PBXFrameworksBuildPhase;
			buildActionMask = 2147483647;
			files = (
			);
			runOnlyForDeploymentPostprocessing = 0;
		};
		A5F7325A1D0B2659007BCBA0 /* Frameworks */ = {
			isa = PBXFrameworksBuildPhase;
			buildActionMask = 2147483647;
			files = (
			);
			runOnlyForDeploymentPostprocessing = 0;
		};
/* End PBXFrameworksBuildPhase section */

/* Begin PBXGroup section */
		A5F732351D0B2659007BCBA0 = {
			isa = PBXGroup;
			children = (
				A5F732401D0B2659007BCBA0 /* FizzBuzzSwift */,
				A5F732551D0B2659007BCBA0 /* FizzBuzzSwiftTests */,
				A5F732601D0B2659007BCBA0 /* FizzBuzzSwiftUITests */,
				A5F7323F1D0B2659007BCBA0 /* Products */,
			);
			sourceTree = "<group>";
		};
		A5F7323F1D0B2659007BCBA0 /* Products */ = {
			isa = PBXGroup;
			children = (
				A5F7323E1D0B2659007BCBA0 /* FizzBuzzSwift.app */,
				A5F732521D0B2659007BCBA0 /* FizzBuzzSwiftTests.xctest */,
				A5F7325D1D0B2659007BCBA0 /* FizzBuzzSwiftUITests.xctest */,
			);
			name = Products;
			sourceTree = "<group>";
		};
		A5F732401D0B2659007BCBA0 /* FizzBuzzSwift */ = {
			isa = PBXGroup;
			children = (
				A5F732411D0B2659007BCBA0 /* AppDelegate.swift */,
				A5F732451D0B2659007BCBA0 /* Main.storyboard */,
				A5F732481D0B2659007BCBA0 /* Assets.xcassets */,
				A5F7324A1D0B2659007BCBA0 /* LaunchScreen.storyboard */,
				A5F7324D1D0B2659007BCBA0 /* Info.plist */,
				A5F732431D0B2659007BCBA0 /* ViewController.swift */,
				A5F732711D0B32B6007BCBA0 /* Brain.swift */,
				A5F732791D0B5BC3007BCBA0 /* Game.swift */,
			);
			path = FizzBuzzSwift;
			sourceTree = "<group>";
		};
		A5F732551D0B2659007BCBA0 /* FizzBuzzSwiftTests */ = {
			isa = PBXGroup;
			children = (
				A5F732581D0B2659007BCBA0 /* Info.plist */,
				A5F732771D0B5B99007BCBA0 /* GameTests.swift */,
				A5F7326F1D0B2A5D007BCBA0 /* BrainTests.swift */,
				A5F7327B1D0C43D0007BCBA0 /* ViewControllerUnitTests.swift */,
			);
			path = FizzBuzzSwiftTests;
			sourceTree = "<group>";
		};
		A5F732601D0B2659007BCBA0 /* FizzBuzzSwiftUITests */ = {
			isa = PBXGroup;
			children = (
				A5F732631D0B2659007BCBA0 /* Info.plist */,
				A5F7327F1D0C8142007BCBA0 /* ViewControllerUITests.swift */,
			);
			path = FizzBuzzSwiftUITests;
			sourceTree = "<group>";
		};
/* End PBXGroup section */

/* Begin PBXNativeTarget section */
		A5F7323D1D0B2659007BCBA0 /* FizzBuzzSwift */ = {
			isa = PBXNativeTarget;
			buildConfigurationList = A5F732661D0B2659007BCBA0 /* Build configuration list for PBXNativeTarget "FizzBuzzSwift" */;
			buildPhases = (
				A5F7323A1D0B2659007BCBA0 /* Sources */,
				A5F7323B1D0B2659007BCBA0 /* Frameworks */,
				A5F7323C1D0B2659007BCBA0 /* Resources */,
			);
			buildRules = (
			);
			dependencies = (
			);
			name = FizzBuzzSwift;
			productName = FizzBuzzSwift;
			productReference = A5F7323E1D0B2659007BCBA0 /* FizzBuzzSwift.app */;
			productType = "com.apple.product-type.application";
		};
		A5F732511D0B2659007BCBA0 /* FizzBuzzSwiftTests */ = {
			isa = PBXNativeTarget;
			buildConfigurationList = A5F732691D0B2659007BCBA0 /* Build configuration list for PBXNativeTarget "FizzBuzzSwiftTests" */;
			buildPhases = (
				A5F7324E1D0B2659007BCBA0 /* Sources */,
				A5F7324F1D0B2659007BCBA0 /* Frameworks */,
				A5F732501D0B2659007BCBA0 /* Resources */,
			);
			buildRules = (
			);
			dependencies = (
				A5F732541D0B2659007BCBA0 /* PBXTargetDependency */,
			);
			name = FizzBuzzSwiftTests;
			productName = FizzBuzzSwiftTests;
			productReference = A5F732521D0B2659007BCBA0 /* FizzBuzzSwiftTests.xctest */;
			productType = "com.apple.product-type.bundle.unit-test";
		};
		A5F7325C1D0B2659007BCBA0 /* FizzBuzzSwiftUITests */ = {
			isa = PBXNativeTarget;
			buildConfigurationList = A5F7326C1D0B2659007BCBA0 /* Build configuration list for PBXNativeTarget "FizzBuzzSwiftUITests" */;
			buildPhases = (
				A5F732591D0B2659007BCBA0 /* Sources */,
				A5F7325A1D0B2659007BCBA0 /* Frameworks */,
				A5F7325B1D0B2659007BCBA0 /* Resources */,
			);
			buildRules = (
			);
			dependencies = (
				A5F7325F1D0B2659007BCBA0 /* PBXTargetDependency */,
			);
			name = FizzBuzzSwiftUITests;
			productName = FizzBuzzSwiftUITests;
			productReference = A5F7325D1D0B2659007BCBA0 /* FizzBuzzSwiftUITests.xctest */;
			productType = "com.apple.product-type.bundle.ui-testing";
		};
/* End PBXNativeTarget section */

/* Begin PBXProject section */
		A5F732361D0B2659007BCBA0 /* Project object */ = {
			isa = PBXProject;
			attributes = {
				LastSwiftUpdateCheck = 0730;
				LastUpgradeCheck = 0730;
				ORGANIZATIONNAME = "Amy Nicholson";
				TargetAttributes = {
					A5F7323D1D0B2659007BCBA0 = {
						CreatedOnToolsVersion = 7.3.1;
					};
					A5F732511D0B2659007BCBA0 = {
						CreatedOnToolsVersion = 7.3.1;
						TestTargetID = A5F7323D1D0B2659007BCBA0;
					};
					A5F7325C1D0B2659007BCBA0 = {
						CreatedOnToolsVersion = 7.3.1;
						TestTargetID = A5F7323D1D0B2659007BCBA0;
					};
				};
			};
			buildConfigurationList = A5F732391D0B2659007BCBA0 /* Build configuration list for PBXProject "FizzBuzzSwift" */;
			compatibilityVersion = "Xcode 3.2";
			developmentRegion = English;
			hasScannedForEncodings = 0;
			knownRegions = (
				en,
				Base,
			);
			mainGroup = A5F732351D0B2659007BCBA0;
			productRefGroup = A5F7323F1D0B2659007BCBA0 /* Products */;
			projectDirPath = "";
			projectRoot = "";
			targets = (
				A5F7323D1D0B2659007BCBA0 /* FizzBuzzSwift */,
				A5F732511D0B2659007BCBA0 /* FizzBuzzSwiftTests */,
				A5F7325C1D0B2659007BCBA0 /* FizzBuzzSwiftUITests */,
			);
		};
/* End PBXProject section */

/* Begin PBXResourcesBuildPhase section */
		A5F7323C1D0B2659007BCBA0 /* Resources */ = {
			isa = PBXResourcesBuildPhase;
			buildActionMask = 2147483647;
			files = (
				A5F7324C1D0B2659007BCBA0 /* LaunchScreen.storyboard in Resources */,
				A5F732491D0B2659007BCBA0 /* Assets.xcassets in Resources */,
				A5F732471D0B2659007BCBA0 /* Main.storyboard in Resources */,
			);
			runOnlyForDeploymentPostprocessing = 0;
		};
		A5F732501D0B2659007BCBA0 /* Resources */ = {
			isa = PBXResourcesBuildPhase;
			buildActionMask = 2147483647;
			files = (
			);
			runOnlyForDeploymentPostprocessing = 0;
		};
		A5F7325B1D0B2659007BCBA0 /* Resources */ = {
			isa = PBXResourcesBuildPhase;
			buildActionMask = 2147483647;
			files = (
			);
			runOnlyForDeploymentPostprocessing = 0;
		};
/* End PBXResourcesBuildPhase section */

/* Begin PBXSourcesBuildPhase section */
		A5F7323A1D0B2659007BCBA0 /* Sources */ = {
			isa = PBXSourcesBuildPhase;
			buildActionMask = 2147483647;
			files = (
				A5F732441D0B2659007BCBA0 /* ViewController.swift in Sources */,
				A5F732721D0B32B6007BCBA0 /* Brain.swift in Sources */,
				A5F732421D0B2659007BCBA0 /* AppDelegate.swift in Sources */,
				A5F7327A1D0B5BC3007BCBA0 /* Game.swift in Sources */,
			);
			runOnlyForDeploymentPostprocessing = 0;
		};
		A5F7324E1D0B2659007BCBA0 /* Sources */ = {
			isa = PBXSourcesBuildPhase;
			buildActionMask = 2147483647;
			files = (
				A5F732701D0B2A5D007BCBA0 /* BrainTests.swift in Sources */,
				A5F732781D0B5B99007BCBA0 /* GameTests.swift in Sources */,
				A5F7327C1D0C43D0007BCBA0 /* ViewControllerUnitTests.swift in Sources */,
			);
			runOnlyForDeploymentPostprocessing = 0;
		};
		A5F732591D0B2659007BCBA0 /* Sources */ = {
			isa = PBXSourcesBuildPhase;
			buildActionMask = 2147483647;
			files = (
				A5F732801D0C8142007BCBA0 /* ViewControllerUITests.swift in Sources */,
			);
			runOnlyForDeploymentPostprocessing = 0;
		};
/* End PBXSourcesBuildPhase section */

/* Begin PBXTargetDependency section */
		A5F732541D0B2659007BCBA0 /* PBXTargetDependency */ = {
			isa = PBXTargetDependency;
			target = A5F7323D1D0B2659007BCBA0 /* FizzBuzzSwift */;
			targetProxy = A5F732531D0B2659007BCBA0 /* PBXContainerItemProxy */;
		};
		A5F7325F1D0B2659007BCBA0 /* PBXTargetDependency */ = {
			isa = PBXTargetDependency;
			target = A5F7323D1D0B2659007BCBA0 /* FizzBuzzSwift */;
			targetProxy = A5F7325E1D0B2659007BCBA0 /* PBXContainerItemProxy */;
		};
/* End PBXTargetDependency section */

/* Begin PBXVariantGroup section */
		A5F732451D0B2659007BCBA0 /* Main.storyboard */ = {
			isa = PBXVariantGroup;
			children = (
				A5F732461D0B2659007BCBA0 /* Base */,
			);
			name = Main.storyboard;
			sourceTree = "<group>";
		};
		A5F7324A1D0B2659007BCBA0 /* LaunchScreen.storyboard */ = {
			isa = PBXVariantGroup;
			children = (
				A5F7324B1D0B2659007BCBA0 /* Base */,
			);
			name = LaunchScreen.storyboard;
			sourceTree = "<group>";
		};
/* End PBXVariantGroup section */

/* Begin XCBuildConfiguration section */
		A5F732641D0B2659007BCBA0 /* Debug */ = {
			isa = XCBuildConfiguration;
			buildSettings = {
				ALWAYS_SEARCH_USER_PATHS = NO;
				CLANG_ANALYZER_NONNULL = YES;
				CLANG_CXX_LANGUAGE_STANDARD = "gnu++0x";
				CLANG_CXX_LIBRARY = "libc++";
				CLANG_ENABLE_MODULES = YES;
				CLANG_ENABLE_OBJC_ARC = YES;
				CLANG_WARN_BOOL_CONVERSION = YES;
				CLANG_WARN_CONSTANT_CONVERSION = YES;
				CLANG_WARN_DIRECT_OBJC_ISA_USAGE = YES_ERROR;
				CLANG_WARN_EMPTY_BODY = YES;
				CLANG_WARN_ENUM_CONVERSION = YES;
				CLANG_WARN_INT_CONVERSION = YES;
				CLANG_WARN_OBJC_ROOT_CLASS = YES_ERROR;
				CLANG_WARN_UNREACHABLE_CODE = YES;
				CLANG_WARN__DUPLICATE_METHOD_MATCH = YES;
				"CODE_SIGN_IDENTITY[sdk=iphoneos*]" = "iPhone Developer";
				COPY_PHASE_STRIP = NO;
				DEBUG_INFORMATION_FORMAT = dwarf;
				ENABLE_STRICT_OBJC_MSGSEND = YES;
				ENABLE_TESTABILITY = YES;
				GCC_C_LANGUAGE_STANDARD = gnu99;
				GCC_DYNAMIC_NO_PIC = NO;
				GCC_NO_COMMON_BLOCKS = YES;
				GCC_OPTIMIZATION_LEVEL = 0;
				GCC_PREPROCESSOR_DEFINITIONS = (
					"DEBUG=1",
					"$(inherited)",
				);
				GCC_WARN_64_TO_32_BIT_CONVERSION = YES;
				GCC_WARN_ABOUT_RETURN_TYPE = YES_ERROR;
				GCC_WARN_UNDECLARED_SELECTOR = YES;
				GCC_WARN_UNINITIALIZED_AUTOS = YES_AGGRESSIVE;
				GCC_WARN_UNUSED_FUNCTION = YES;
				GCC_WARN_UNUSED_VARIABLE = YES;
				IPHONEOS_DEPLOYMENT_TARGET = 9.3;
				MTL_ENABLE_DEBUG_INFO = YES;
				ONLY_ACTIVE_ARCH = YES;
				SDKROOT = iphoneos;
				SWIFT_OPTIMIZATION_LEVEL = "-Onone";
				TARGETED_DEVICE_FAMILY = "1,2";
			};
			name = Debug;
		};
		A5F732651D0B2659007BCBA0 /* Release */ = {
			isa = XCBuildConfiguration;
			buildSettings = {
				ALWAYS_SEARCH_USER_PATHS = NO;
				CLANG_ANALYZER_NONNULL = YES;
				CLANG_CXX_LANGUAGE_STANDARD = "gnu++0x";
				CLANG_CXX_LIBRARY = "libc++";
				CLANG_ENABLE_MODULES = YES;
				CLANG_ENABLE_OBJC_ARC = YES;
				CLANG_WARN_BOOL_CONVERSION = YES;
				CLANG_WARN_CONSTANT_CONVERSION = YES;
				CLANG_WARN_DIRECT_OBJC_ISA_USAGE = YES_ERROR;
				CLANG_WARN_EMPTY_BODY = YES;
				CLANG_WARN_ENUM_CONVERSION = YES;
				CLANG_WARN_INT_CONVERSION = YES;
				CLANG_WARN_OBJC_ROOT_CLASS = YES_ERROR;
				CLANG_WARN_UNREACHABLE_CODE = YES;
				CLANG_WARN__DUPLICATE_METHOD_MATCH = YES;
				"CODE_SIGN_IDENTITY[sdk=iphoneos*]" = "iPhone Developer";
				COPY_PHASE_STRIP = NO;
				DEBUG_INFORMATION_FORMAT = "dwarf-with-dsym";
				ENABLE_NS_ASSERTIONS = NO;
				ENABLE_STRICT_OBJC_MSGSEND = YES;
				GCC_C_LANGUAGE_STANDARD = gnu99;
				GCC_NO_COMMON_BLOCKS = YES;
				GCC_WARN_64_TO_32_BIT_CONVERSION = YES;
				GCC_WARN_ABOUT_RETURN_TYPE = YES_ERROR;
				GCC_WARN_UNDECLARED_SELECTOR = YES;
				GCC_WARN_UNINITIALIZED_AUTOS = YES_AGGRESSIVE;
				GCC_WARN_UNUSED_FUNCTION = YES;
				GCC_WARN_UNUSED_VARIABLE = YES;
				IPHONEOS_DEPLOYMENT_TARGET = 9.3;
				MTL_ENABLE_DEBUG_INFO = NO;
				SDKROOT = iphoneos;
				TARGETED_DEVICE_FAMILY = "1,2";
				VALIDATE_PRODUCT = YES;
			};
			name = Release;
		};
		A5F732671D0B2659007BCBA0 /* Debug */ = {
			isa = XCBuildConfiguration;
			buildSettings = {
				ASSETCATALOG_COMPILER_APPICON_NAME = AppIcon;
				INFOPLIST_FILE = FizzBuzzSwift/Info.plist;
				LD_RUNPATH_SEARCH_PATHS = "$(inherited) @executable_path/Frameworks";
				PRODUCT_BUNDLE_IDENTIFIER = com.briefandtrunk.FizzBuzzSwift;
				PRODUCT_NAME = "$(TARGET_NAME)";
			};
			name = Debug;
		};
		A5F732681D0B2659007BCBA0 /* Release */ = {
			isa = XCBuildConfiguration;
			buildSettings = {
				ASSETCATALOG_COMPILER_APPICON_NAME = AppIcon;
				INFOPLIST_FILE = FizzBuzzSwift/Info.plist;
				LD_RUNPATH_SEARCH_PATHS = "$(inherited) @executable_path/Frameworks";
				PRODUCT_BUNDLE_IDENTIFIER = com.briefandtrunk.FizzBuzzSwift;
				PRODUCT_NAME = "$(TARGET_NAME)";
			};
			name = Release;
		};
		A5F7326A1D0B2659007BCBA0 /* Debug */ = {
			isa = XCBuildConfiguration;
			buildSettings = {
				BUNDLE_LOADER = "$(TEST_HOST)";
				CLANG_ENABLE_MODULES = YES;
				INFOPLIST_FILE = FizzBuzzSwiftTests/Info.plist;
				LD_RUNPATH_SEARCH_PATHS = "$(inherited) @executable_path/Frameworks @loader_path/Frameworks";
				PRODUCT_BUNDLE_IDENTIFIER = com.briefandtrunk.FizzBuzzSwiftTests;
				PRODUCT_NAME = "$(TARGET_NAME)";
				SWIFT_OPTIMIZATION_LEVEL = "-Onone";
				TEST_HOST = "$(BUILT_PRODUCTS_DIR)/FizzBuzzSwift.app/FizzBuzzSwift";
			};
			name = Debug;
		};
		A5F7326B1D0B2659007BCBA0 /* Release */ = {
			isa = XCBuildConfiguration;
			buildSettings = {
				BUNDLE_LOADER = "$(TEST_HOST)";
				CLANG_ENABLE_MODULES = YES;
				INFOPLIST_FILE = FizzBuzzSwiftTests/Info.plist;
				LD_RUNPATH_SEARCH_PATHS = "$(inherited) @executable_path/Frameworks @loader_path/Frameworks";
				PRODUCT_BUNDLE_IDENTIFIER = com.briefandtrunk.FizzBuzzSwiftTests;
				PRODUCT_NAME = "$(TARGET_NAME)";
				TEST_HOST = "$(BUILT_PRODUCTS_DIR)/FizzBuzzSwift.app/FizzBuzzSwift";
			};
			name = Release;
		};
		A5F7326D1D0B2659007BCBA0 /* Debug */ = {
			isa = XCBuildConfiguration;
			buildSettings = {
				CLANG_ENABLE_MODULES = YES;
				INFOPLIST_FILE = FizzBuzzSwiftUITests/Info.plist;
				LD_RUNPATH_SEARCH_PATHS = "$(inherited) @executable_path/Frameworks @loader_path/Frameworks";
				PRODUCT_BUNDLE_IDENTIFIER = com.briefandtrunk.FizzBuzzSwiftUITests;
				PRODUCT_NAME = "$(TARGET_NAME)";
				SWIFT_OPTIMIZATION_LEVEL = "-Onone";
				TEST_TARGET_NAME = FizzBuzzSwift;
			};
			name = Debug;
		};
		A5F7326E1D0B2659007BCBA0 /* Release */ = {
			isa = XCBuildConfiguration;
			buildSettings = {
				CLANG_ENABLE_MODULES = YES;
				INFOPLIST_FILE = FizzBuzzSwiftUITests/Info.plist;
				LD_RUNPATH_SEARCH_PATHS = "$(inherited) @executable_path/Frameworks @loader_path/Frameworks";
				PRODUCT_BUNDLE_IDENTIFIER = com.briefandtrunk.FizzBuzzSwiftUITests;
				PRODUCT_NAME = "$(TARGET_NAME)";
				TEST_TARGET_NAME = FizzBuzzSwift;
			};
			name = Release;
		};
/* End XCBuildConfiguration section */

/* Begin XCConfigurationList section */
		A5F732391D0B2659007BCBA0 /* Build configuration list for PBXProject "FizzBuzzSwift" */ = {
			isa = XCConfigurationList;
			buildConfigurations = (
				A5F732641D0B2659007BCBA0 /* Debug */,
				A5F732651D0B2659007BCBA0 /* Release */,
			);
			defaultConfigurationIsVisible = 0;
			defaultConfigurationName = Release;
		};
		A5F732661D0B2659007BCBA0 /* Build configuration list for PBXNativeTarget "FizzBuzzSwift" */ = {
			isa = XCConfigurationList;
			buildConfigurations = (
				A5F732671D0B2659007BCBA0 /* Debug */,
				A5F732681D0B2659007BCBA0 /* Release */,
			);
			defaultConfigurationIsVisible = 0;
			defaultConfigurationName = Release;
		};
		A5F732691D0B2659007BCBA0 /* Build configuration list for PBXNativeTarget "FizzBuzzSwiftTests" */ = {
			isa = XCConfigurationList;
			buildConfigurations = (
				A5F7326A1D0B2659007BCBA0 /* Debug */,
				A5F7326B1D0B2659007BCBA0 /* Release */,
			);
			defaultConfigurationIsVisible = 0;
			defaultConfigurationName = Release;
		};
		A5F7326C1D0B2659007BCBA0 /* Build configuration list for PBXNativeTarget "FizzBuzzSwiftUITests" */ = {
			isa = XCConfigurationList;
			buildConfigurations = (
				A5F7326D1D0B2659007BCBA0 /* Debug */,
				A5F7326E1D0B2659007BCBA0 /* Release */,
			);
			defaultConfigurationIsVisible = 0;
			defaultConfigurationName = Release;
		};
/* End XCConfigurationList section */
	};
	rootObject = A5F732361D0B2659007BCBA0 /* Project object */;
}
